
Microsoft Visual Studio Solution File, Format Version 12.00
# Visual Studio 15
VisualStudioVersion = 15.0.28307.572
MinimumVisualStudioVersion = 10.0.40219.1
Project("{9A19103F-16F7-4668-BE54-9A1E7A4F7556}") = "GLRouteFinder", "GLRouteFinder\GLRouteFinder.csproj", "{FA1D4AEF-A53B-4E6A-AA5B-AD8F3BC0B975}"
EndProject
Global
	GlobalSection(SolutionConfigurationPlatforms) = preSolution
		Debug|Any CPU = Debug|Any CPU
		Release|Any CPU = Release|Any CPU
	EndGlobalSection
	GlobalSection(ProjectConfigurationPlatforms) = postSolution
		{FA1D4AEF-A53B-4E6A-AA5B-AD8F3BC0B975}.Debug|Any CPU.ActiveCfg = Debug|Any CPU
		{FA1D4AEF-A53B-4E6A-AA5B-AD8F3BC0B975}.Debug|Any CPU.Build.0 = Debug|Any CPU
		{FA1D4AEF-A53B-4E6A-AA5B-AD8F3BC0B975}.Release|Any CPU.ActiveCfg = Release|Any CPU
		{FA1D4AEF-A53B-4E6A-AA5B-AD8F3BC0B975}.Release|Any CPU.Build.0 = Release|Any CPU
	EndGlobalSection
	GlobalSection(SolutionProperties) = preSolution
		HideSolutionNode = FALSE
	EndGlobalSection
	GlobalSection(ExtensibilityGlobals) = postSolution
		SolutionGuid = {D20D4844-1BF1-494B-84FB-AB1974403C78}
	EndGlobalSection
EndGlobal
